
Microsoft Visual Studio Solution File, Format Version 12.00
# Visual Studio Version 17
VisualStudioVersion = 17.9.34723.18
MinimumVisualStudioVersion = 10.0.40219.1
Project("{9A19103F-16F7-4668-BE54-9A1E7A4F7556}") = "Test.Backend.Dotnet.Api", "src\Test.Backend.Dotnet.Api\Test.Backend.Dotnet.Api.csproj", "{F6241AF9-0250-4085-8072-9E38EBA732D8}"
EndProject
Project("{2150E333-8FDC-42A3-9474-1A3956D46DE8}") = "src", "src", "{F4EB6FD2-D631-4D02-A34F-D7CAA33A94CA}"
	ProjectSection(SolutionItems) = preProject
		src\.dockerignore = src\.dockerignore
		src\Dockerfile = src\Dockerfile
	EndProjectSection
EndProject
Project("{9A19103F-16F7-4668-BE54-9A1E7A4F7556}") = "Test.Backend.Dotnet.Core", "src\Test.Backend.Dotnet.Core\Test.Backend.Dotnet.Core.csproj", "{E766EDAF-62EA-4184-A150-1FB4799D501C}"
EndProject
Project("{2150E333-8FDC-42A3-9474-1A3956D46DE8}") = "test", "test", "{CCB3C0A2-10D2-495C-BD07-12CB4534E876}"
EndProject
Project("{9A19103F-16F7-4668-BE54-9A1E7A4F7556}") = "Test.Backend.Dotnet.Api.Tests", "test\Test.Backend.Dotnet.Api.Tests\Test.Backend.Dotnet.Api.Tests.csproj", "{FAAFED47-46C8-4D54-9ABC-35E99DFBBDF2}"
	ProjectSection(ProjectDependencies) = postProject
		{F6241AF9-0250-4085-8072-9E38EBA732D8} = {F6241AF9-0250-4085-8072-9E38EBA732D8}
	EndProjectSection
EndProject
Project("{FAE04EC0-301F-11D3-BF4B-00C04F79EFBC}") = "Test.Backend.Dotnet.Core.Tests", "test\Test.Backend.Dotnet.Core.Tests\Test.Backend.Dotnet.Core.Tests.csproj", "{E708B072-02C7-4614-8048-23650CEDE9D8}"
EndProject
Global
	GlobalSection(SolutionConfigurationPlatforms) = preSolution
		Debug|Any CPU = Debug|Any CPU
		Release|Any CPU = Release|Any CPU
	EndGlobalSection
	GlobalSection(ProjectConfigurationPlatforms) = postSolution
		{F6241AF9-0250-4085-8072-9E38EBA732D8}.Debug|Any CPU.ActiveCfg = Debug|Any CPU
		{F6241AF9-0250-4085-8072-9E38EBA732D8}.Debug|Any CPU.Build.0 = Debug|Any CPU
		{F6241AF9-0250-4085-8072-9E38EBA732D8}.Release|Any CPU.ActiveCfg = Release|Any CPU
		{F6241AF9-0250-4085-8072-9E38EBA732D8}.Release|Any CPU.Build.0 = Release|Any CPU
		{E766EDAF-62EA-4184-A150-1FB4799D501C}.Debug|Any CPU.ActiveCfg = Debug|Any CPU
		{E766EDAF-62EA-4184-A150-1FB4799D501C}.Debug|Any CPU.Build.0 = Debug|Any CPU
		{E766EDAF-62EA-4184-A150-1FB4799D501C}.Release|Any CPU.ActiveCfg = Release|Any CPU
		{E766EDAF-62EA-4184-A150-1FB4799D501C}.Release|Any CPU.Build.0 = Release|Any CPU
		{FAAFED47-46C8-4D54-9ABC-35E99DFBBDF2}.Debug|Any CPU.ActiveCfg = Debug|Any CPU
		{FAAFED47-46C8-4D54-9ABC-35E99DFBBDF2}.Debug|Any CPU.Build.0 = Debug|Any CPU
		{FAAFED47-46C8-4D54-9ABC-35E99DFBBDF2}.Release|Any CPU.ActiveCfg = Release|Any CPU
		{FAAFED47-46C8-4D54-9ABC-35E99DFBBDF2}.Release|Any CPU.Build.0 = Release|Any CPU
		{E708B072-02C7-4614-8048-23650CEDE9D8}.Debug|Any CPU.ActiveCfg = Debug|Any CPU
		{E708B072-02C7-4614-8048-23650CEDE9D8}.Debug|Any CPU.Build.0 = Debug|Any CPU
		{E708B072-02C7-4614-8048-23650CEDE9D8}.Release|Any CPU.ActiveCfg = Release|Any CPU
		{E708B072-02C7-4614-8048-23650CEDE9D8}.Release|Any CPU.Build.0 = Release|Any CPU
	EndGlobalSection
	GlobalSection(SolutionProperties) = preSolution
		HideSolutionNode = FALSE
	EndGlobalSection
	GlobalSection(NestedProjects) = preSolution
		{F6241AF9-0250-4085-8072-9E38EBA732D8} = {F4EB6FD2-D631-4D02-A34F-D7CAA33A94CA}
		{E766EDAF-62EA-4184-A150-1FB4799D501C} = {F4EB6FD2-D631-4D02-A34F-D7CAA33A94CA}
		{FAAFED47-46C8-4D54-9ABC-35E99DFBBDF2} = {CCB3C0A2-10D2-495C-BD07-12CB4534E876}
		{E708B072-02C7-4614-8048-23650CEDE9D8} = {CCB3C0A2-10D2-495C-BD07-12CB4534E876}
	EndGlobalSection
	GlobalSection(ExtensibilityGlobals) = postSolution
		SolutionGuid = {1D580984-7EFA-4D28-974D-80672847D84B}
	EndGlobalSection
EndGlobal
